
Microsoft Visual Studio Solution File, Format Version 12.00
# Visual Studio 15
VisualStudioVersion = 15.0.26906.1
MinimumVisualStudioVersion = 10.0.40219.1
Project("{FAE04EC0-301F-11D3-BF4B-00C04F79EFBC}") = "HundredSDK.Authentication.BasicTokens", "HundredSDK.Authentication.BasicTokens\HundredSDK.Authentication.BasicTokens.csproj", "{F6F3E9B7-61C0-46FB-AF29-6CE71724A01C}"
EndProject
Project("{FAE04EC0-301F-11D3-BF4B-00C04F79EFBC}") = "HundredSDK.Authentication.BasicTokens.TestWebApi", "..\test\HundredSDK.Authentication.BasicTokens.TestWebApi\HundredSDK.Authentication.BasicTokens.TestWebApi.csproj", "{11E0584B-621A-4272-8950-2C92A86E7C39}"
EndProject
Global
	GlobalSection(SolutionConfigurationPlatforms) = preSolution
		Debug|Any CPU = Debug|Any CPU
		Release|Any CPU = Release|Any CPU
	EndGlobalSection
	GlobalSection(ProjectConfigurationPlatforms) = postSolution
		{F6F3E9B7-61C0-46FB-AF29-6CE71724A01C}.Debug|Any CPU.ActiveCfg = Debug|Any CPU
		{F6F3E9B7-61C0-46FB-AF29-6CE71724A01C}.Debug|Any CPU.Build.0 = Debug|Any CPU
		{F6F3E9B7-61C0-46FB-AF29-6CE71724A01C}.Release|Any CPU.ActiveCfg = Release|Any CPU
		{F6F3E9B7-61C0-46FB-AF29-6CE71724A01C}.Release|Any CPU.Build.0 = Release|Any CPU
		{11E0584B-621A-4272-8950-2C92A86E7C39}.Debug|Any CPU.ActiveCfg = Debug|Any CPU
		{11E0584B-621A-4272-8950-2C92A86E7C39}.Debug|Any CPU.Build.0 = Debug|Any CPU
		{11E0584B-621A-4272-8950-2C92A86E7C39}.Release|Any CPU.ActiveCfg = Release|Any CPU
		{11E0584B-621A-4272-8950-2C92A86E7C39}.Release|Any CPU.Build.0 = Release|Any CPU
	EndGlobalSection
	GlobalSection(SolutionProperties) = preSolution
		HideSolutionNode = FALSE
	EndGlobalSection
	GlobalSection(ExtensibilityGlobals) = postSolution
		SolutionGuid = {0B9F24F9-82CD-4181-B975-475086045606}
	EndGlobalSection
EndGlobal
